
Microsoft Visual Studio Solution File, Format Version 12.00
# Visual Studio Version 16
VisualStudioVersion = 16.0.31129.286
MinimumVisualStudioVersion = 10.0.40219.1
Project("{FAE04EC0-301F-11D3-BF4B-00C04F79EFBC}") = "ColorPickerWASM", "ColorPickerWASM\ColorPickerWASM.csproj", "{0ABDDDCA-F5C4-475C-806B-1F73F5E8911A}"
EndProject
Global
	GlobalSection(SolutionConfigurationPlatforms) = preSolution
		Debug|Any CPU = Debug|Any CPU
		Release|Any CPU = Release|Any CPU
	EndGlobalSection
	GlobalSection(ProjectConfigurationPlatforms) = postSolution
		{0ABDDDCA-F5C4-475C-806B-1F73F5E8911A}.Debug|Any CPU.ActiveCfg = Debug|Any CPU
		{0ABDDDCA-F5C4-475C-806B-1F73F5E8911A}.Debug|Any CPU.Build.0 = Debug|Any CPU
		{0ABDDDCA-F5C4-475C-806B-1F73F5E8911A}.Release|Any CPU.ActiveCfg = Release|Any CPU
		{0ABDDDCA-F5C4-475C-806B-1F73F5E8911A}.Release|Any CPU.Build.0 = Release|Any CPU
	EndGlobalSection
	GlobalSection(SolutionProperties) = preSolution
		HideSolutionNode = FALSE
	EndGlobalSection
	GlobalSection(ExtensibilityGlobals) = postSolution
		SolutionGuid = {56F24631-969E-4A61-83BE-32FB41967780}
	EndGlobalSection
EndGlobal
